// !$*UTF8*$!
{
	archiveVersion = 1;
	classes = {
	};
	objectVersion = 50;
	objects = {

/* Begin PBXBuildFile section */
		37E9862324F4221E00BB4B67 /* Offers.json in Resources */ = {isa = PBXBuildFile; fileRef = 37E9862224F4221E00BB4B67 /* Offers.json */; };
		37E9862624F423D900BB4B67 /* OffersStore.swift in Sources */ = {isa = PBXBuildFile; fileRef = 37E9862524F423D900BB4B67 /* OffersStore.swift */; };
		37E9862824F4260900BB4B67 /* Offer.swift in Sources */ = {isa = PBXBuildFile; fileRef = 37E9862724F4260900BB4B67 /* Offer.swift */; };
		37EC3F2A24F41E0B00C37BB1 /* AppDelegate.swift in Sources */ = {isa = PBXBuildFile; fileRef = 37EC3F2924F41E0B00C37BB1 /* AppDelegate.swift */; };
		37EC3F2C24F41E0B00C37BB1 /* SceneDelegate.swift in Sources */ = {isa = PBXBuildFile; fileRef = 37EC3F2B24F41E0B00C37BB1 /* SceneDelegate.swift */; };
		37EC3F2E24F41E0B00C37BB1 /* ViewController.swift in Sources */ = {isa = PBXBuildFile; fileRef = 37EC3F2D24F41E0B00C37BB1 /* ViewController.swift */; };
		37EC3F3124F41E0B00C37BB1 /* Main.storyboard in Resources */ = {isa = PBXBuildFile; fileRef = 37EC3F2F24F41E0B00C37BB1 /* Main.storyboard */; };
		37EC3F3324F41E1200C37BB1 /* Assets.xcassets in Resources */ = {isa = PBXBuildFile; fileRef = 37EC3F3224F41E1200C37BB1 /* Assets.xcassets */; };
		37EC3F3624F41E1200C37BB1 /* LaunchScreen.storyboard in Resources */ = {isa = PBXBuildFile; fileRef = 37EC3F3424F41E1200C37BB1 /* LaunchScreen.storyboard */; };
		37EC3F4124F41E1200C37BB1 /* IbottaiOSMobileDevTestTests.swift in Sources */ = {isa = PBXBuildFile; fileRef = 37EC3F4024F41E1200C37BB1 /* IbottaiOSMobileDevTestTests.swift */; };
/* End PBXBuildFile section */

/* Begin PBXContainerItemProxy section */
		37EC3F3D24F41E1200C37BB1 /* PBXContainerItemProxy */ = {
			isa = PBXContainerItemProxy;
			containerPortal = 37EC3F1E24F41E0B00C37BB1 /* Project object */;
			proxyType = 1;
			remoteGlobalIDString = 37EC3F2524F41E0B00C37BB1;
			remoteInfo = IbottaiOSMobileDevTest;
		};
/* End PBXContainerItemProxy section */

/* Begin PBXFileReference section */
		37E9862224F4221E00BB4B67 /* Offers.json */ = {isa = PBXFileReference; fileEncoding = 4; lastKnownFileType = text.json; name = Offers.json; path = ../../../IbottaMobileDevTest/data/Offers.json; sourceTree = "<group>"; };
		37E9862524F423D900BB4B67 /* OffersStore.swift */ = {isa = PBXFileReference; lastKnownFileType = sourcecode.swift; path = OffersStore.swift; sourceTree = "<group>"; };
		37E9862724F4260900BB4B67 /* Offer.swift */ = {isa = PBXFileReference; lastKnownFileType = sourcecode.swift; path = Offer.swift; sourceTree = "<group>"; };
		37EC3F2624F41E0B00C37BB1 /* IbottaiOSMobileDevTest.app */ = {isa = PBXFileReference; explicitFileType = wrapper.application; includeInIndex = 0; path = IbottaiOSMobileDevTest.app; sourceTree = BUILT_PRODUCTS_DIR; };
		37EC3F2924F41E0B00C37BB1 /* AppDelegate.swift */ = {isa = PBXFileReference; lastKnownFileType = sourcecode.swift; path = AppDelegate.swift; sourceTree = "<group>"; };
		37EC3F2B24F41E0B00C37BB1 /* SceneDelegate.swift */ = {isa = PBXFileReference; lastKnownFileType = sourcecode.swift; path = SceneDelegate.swift; sourceTree = "<group>"; };
		37EC3F2D24F41E0B00C37BB1 /* ViewController.swift */ = {isa = PBXFileReference; lastKnownFileType = sourcecode.swift; path = ViewController.swift; sourceTree = "<group>"; };
		37EC3F3024F41E0B00C37BB1 /* Base */ = {isa = PBXFileReference; lastKnownFileType = file.storyboard; name = Base; path = Base.lproj/Main.storyboard; sourceTree = "<group>"; };
		37EC3F3224F41E1200C37BB1 /* Assets.xcassets */ = {isa = PBXFileReference; lastKnownFileType = folder.assetcatalog; path = Assets.xcassets; sourceTree = "<group>"; };
		37EC3F3524F41E1200C37BB1 /* Base */ = {isa = PBXFileReference; lastKnownFileType = file.storyboard; name = Base; path = Base.lproj/LaunchScreen.storyboard; sourceTree = "<group>"; };
		37EC3F3724F41E1200C37BB1 /* Info.plist */ = {isa = PBXFileReference; lastKnownFileType = text.plist.xml; path = Info.plist; sourceTree = "<group>"; };
		37EC3F3C24F41E1200C37BB1 /* IbottaiOSMobileDevTestTests.xctest */ = {isa = PBXFileReference; explicitFileType = wrapper.cfbundle; includeInIndex = 0; path = IbottaiOSMobileDevTestTests.xctest; sourceTree = BUILT_PRODUCTS_DIR; };
		37EC3F4024F41E1200C37BB1 /* IbottaiOSMobileDevTestTests.swift */ = {isa = PBXFileReference; lastKnownFileType = sourcecode.swift; path = IbottaiOSMobileDevTestTests.swift; sourceTree = "<group>"; };
		37EC3F4224F41E1200C37BB1 /* Info.plist */ = {isa = PBXFileReference; lastKnownFileType = text.plist.xml; path = Info.plist; sourceTree = "<group>"; };
/* End PBXFileReference section */

/* Begin PBXFrameworksBuildPhase section */
		37EC3F2324F41E0B00C37BB1 /* Frameworks */ = {
			isa = PBXFrameworksBuildPhase;
			buildActionMask = 2147483647;
			files = (
			);
			runOnlyForDeploymentPostprocessing = 0;
		};
		37EC3F3924F41E1200C37BB1 /* Frameworks */ = {
			isa = PBXFrameworksBuildPhase;
			buildActionMask = 2147483647;
			files = (
			);
			runOnlyForDeploymentPostprocessing = 0;
		};
/* End PBXFrameworksBuildPhase section */

/* Begin PBXGroup section */
		37E9861E24F4216E00BB4B67 /* Model */ = {
			isa = PBXGroup;
			children = (
				37E9862724F4260900BB4B67 /* Offer.swift */,
			);
			path = Model;
			sourceTree = "<group>";
		};
		37E9861F24F4217800BB4B67 /* View */ = {
			isa = PBXGroup;
			children = (
			);
			path = View;
			sourceTree = "<group>";
		};
		37E9862024F4218200BB4B67 /* ViewModel */ = {
			isa = PBXGroup;
			children = (
			);
			path = ViewModel;
			sourceTree = "<group>";
		};
		37E9862124F4218C00BB4B67 /* Store */ = {
			isa = PBXGroup;
			children = (
				37E9862224F4221E00BB4B67 /* Offers.json */,
				37E9862524F423D900BB4B67 /* OffersStore.swift */,
			);
			path = Store;
			sourceTree = "<group>";
		};
		37E9862424F4232200BB4B67 /* Controller */ = {
			isa = PBXGroup;
			children = (
				37EC3F2D24F41E0B00C37BB1 /* ViewController.swift */,
			);
			path = Controller;
			sourceTree = "<group>";
		};
		37EC3F1D24F41E0B00C37BB1 = {
			isa = PBXGroup;
			children = (
				37EC3F2824F41E0B00C37BB1 /* IbottaiOSMobileDevTest */,
				37EC3F3F24F41E1200C37BB1 /* IbottaiOSMobileDevTestTests */,
				37EC3F2724F41E0B00C37BB1 /* Products */,
			);
			sourceTree = "<group>";
		};
		37EC3F2724F41E0B00C37BB1 /* Products */ = {
			isa = PBXGroup;
			children = (
				37EC3F2624F41E0B00C37BB1 /* IbottaiOSMobileDevTest.app */,
				37EC3F3C24F41E1200C37BB1 /* IbottaiOSMobileDevTestTests.xctest */,
			);
			name = Products;
			sourceTree = "<group>";
		};
		37EC3F2824F41E0B00C37BB1 /* IbottaiOSMobileDevTest */ = {
			isa = PBXGroup;
			children = (
				37E9862424F4232200BB4B67 /* Controller */,
				37E9862124F4218C00BB4B67 /* Store */,
				37E9862024F4218200BB4B67 /* ViewModel */,
				37E9861F24F4217800BB4B67 /* View */,
				37E9861E24F4216E00BB4B67 /* Model */,
				37EC3F2924F41E0B00C37BB1 /* AppDelegate.swift */,
				37EC3F2B24F41E0B00C37BB1 /* SceneDelegate.swift */,
				37EC3F2F24F41E0B00C37BB1 /* Main.storyboard */,
				37EC3F3224F41E1200C37BB1 /* Assets.xcassets */,
				37EC3F3424F41E1200C37BB1 /* LaunchScreen.storyboard */,
				37EC3F3724F41E1200C37BB1 /* Info.plist */,
			);
			path = IbottaiOSMobileDevTest;
			sourceTree = "<group>";
		};
		37EC3F3F24F41E1200C37BB1 /* IbottaiOSMobileDevTestTests */ = {
			isa = PBXGroup;
			children = (
				37EC3F4024F41E1200C37BB1 /* IbottaiOSMobileDevTestTests.swift */,
				37EC3F4224F41E1200C37BB1 /* Info.plist */,
			);
			path = IbottaiOSMobileDevTestTests;
			sourceTree = "<group>";
		};
/* End PBXGroup section */

/* Begin PBXNativeTarget section */
		37EC3F2524F41E0B00C37BB1 /* IbottaiOSMobileDevTest */ = {
			isa = PBXNativeTarget;
			buildConfigurationList = 37EC3F4524F41E1200C37BB1 /* Build configuration list for PBXNativeTarget "IbottaiOSMobileDevTest" */;
			buildPhases = (
				37EC3F2224F41E0B00C37BB1 /* Sources */,
				37EC3F2324F41E0B00C37BB1 /* Frameworks */,
				37EC3F2424F41E0B00C37BB1 /* Resources */,
			);
			buildRules = (
			);
			dependencies = (
			);
			name = IbottaiOSMobileDevTest;
			productName = IbottaiOSMobileDevTest;
			productReference = 37EC3F2624F41E0B00C37BB1 /* IbottaiOSMobileDevTest.app */;
			productType = "com.apple.product-type.application";
		};
		37EC3F3B24F41E1200C37BB1 /* IbottaiOSMobileDevTestTests */ = {
			isa = PBXNativeTarget;
			buildConfigurationList = 37EC3F4824F41E1200C37BB1 /* Build configuration list for PBXNativeTarget "IbottaiOSMobileDevTestTests" */;
			buildPhases = (
				37EC3F3824F41E1200C37BB1 /* Sources */,
				37EC3F3924F41E1200C37BB1 /* Frameworks */,
				37EC3F3A24F41E1200C37BB1 /* Resources */,
			);
			buildRules = (
			);
			dependencies = (
				37EC3F3E24F41E1200C37BB1 /* PBXTargetDependency */,
			);
			name = IbottaiOSMobileDevTestTests;
			productName = IbottaiOSMobileDevTestTests;
			productReference = 37EC3F3C24F41E1200C37BB1 /* IbottaiOSMobileDevTestTests.xctest */;
			productType = "com.apple.product-type.bundle.unit-test";
		};
/* End PBXNativeTarget section */

/* Begin PBXProject section */
		37EC3F1E24F41E0B00C37BB1 /* Project object */ = {
			isa = PBXProject;
			attributes = {
				LastSwiftUpdateCheck = 1160;
				LastUpgradeCheck = 1160;
				ORGANIZATIONNAME = "Pedro Trujillo V";
				TargetAttributes = {
					37EC3F2524F41E0B00C37BB1 = {
						CreatedOnToolsVersion = 11.6;
					};
					37EC3F3B24F41E1200C37BB1 = {
						CreatedOnToolsVersion = 11.6;
						TestTargetID = 37EC3F2524F41E0B00C37BB1;
					};
				};
			};
			buildConfigurationList = 37EC3F2124F41E0B00C37BB1 /* Build configuration list for PBXProject "IbottaiOSMobileDevTest" */;
			compatibilityVersion = "Xcode 9.3";
			developmentRegion = en;
			hasScannedForEncodings = 0;
			knownRegions = (
				en,
				Base,
			);
			mainGroup = 37EC3F1D24F41E0B00C37BB1;
			productRefGroup = 37EC3F2724F41E0B00C37BB1 /* Products */;
			projectDirPath = "";
			projectRoot = "";
			targets = (
				37EC3F2524F41E0B00C37BB1 /* IbottaiOSMobileDevTest */,
				37EC3F3B24F41E1200C37BB1 /* IbottaiOSMobileDevTestTests */,
			);
		};
/* End PBXProject section */

/* Begin PBXResourcesBuildPhase section */
		37EC3F2424F41E0B00C37BB1 /* Resources */ = {
			isa = PBXResourcesBuildPhase;
			buildActionMask = 2147483647;
			files = (
				37E9862324F4221E00BB4B67 /* Offers.json in Resources */,
				37EC3F3624F41E1200C37BB1 /* LaunchScreen.storyboard in Resources */,
				37EC3F3324F41E1200C37BB1 /* Assets.xcassets in Resources */,
				37EC3F3124F41E0B00C37BB1 /* Main.storyboard in Resources */,
			);
			runOnlyForDeploymentPostprocessing = 0;
		};
		37EC3F3A24F41E1200C37BB1 /* Resources */ = {
			isa = PBXResourcesBuildPhase;
			buildActionMask = 2147483647;
			files = (
			);
			runOnlyForDeploymentPostprocessing = 0;
		};
/* End PBXResourcesBuildPhase section */

/* Begin PBXSourcesBuildPhase section */
		37EC3F2224F41E0B00C37BB1 /* Sources */ = {
			isa = PBXSourcesBuildPhase;
			buildActionMask = 2147483647;
			files = (
				37EC3F2E24F41E0B00C37BB1 /* ViewController.swift in Sources */,
				37EC3F2A24F41E0B00C37BB1 /* AppDelegate.swift in Sources */,
				37E9862624F423D900BB4B67 /* OffersStore.swift in Sources */,
				37EC3F2C24F41E0B00C37BB1 /* SceneDelegate.swift in Sources */,
				37E9862824F4260900BB4B67 /* Offer.swift in Sources */,
			);
			runOnlyForDeploymentPostprocessing = 0;
		};
		37EC3F3824F41E1200C37BB1 /* Sources */ = {
			isa = PBXSourcesBuildPhase;
			buildActionMask = 2147483647;
			files = (
				37EC3F4124F41E1200C37BB1 /* IbottaiOSMobileDevTestTests.swift in Sources */,
			);
			runOnlyForDeploymentPostprocessing = 0;
		};
/* End PBXSourcesBuildPhase section */

/* Begin PBXTargetDependency section */
		37EC3F3E24F41E1200C37BB1 /* PBXTargetDependency */ = {
			isa = PBXTargetDependency;
			target = 37EC3F2524F41E0B00C37BB1 /* IbottaiOSMobileDevTest */;
			targetProxy = 37EC3F3D24F41E1200C37BB1 /* PBXContainerItemProxy */;
		};
/* End PBXTargetDependency section */

/* Begin PBXVariantGroup section */
		37EC3F2F24F41E0B00C37BB1 /* Main.storyboard */ = {
			isa = PBXVariantGroup;
			children = (
				37EC3F3024F41E0B00C37BB1 /* Base */,
			);
			name = Main.storyboard;
			sourceTree = "<group>";
		};
		37EC3F3424F41E1200C37BB1 /* LaunchScreen.storyboard */ = {
			isa = PBXVariantGroup;
			children = (
				37EC3F3524F41E1200C37BB1 /* Base */,
			);
			name = LaunchScreen.storyboard;
			sourceTree = "<group>";
		};
/* End PBXVariantGroup section */

/* Begin XCBuildConfiguration section */
		37EC3F4324F41E1200C37BB1 /* Debug */ = {
			isa = XCBuildConfiguration;
			buildSettings = {
				ALWAYS_SEARCH_USER_PATHS = NO;
				CLANG_ANALYZER_NONNULL = YES;
				CLANG_ANALYZER_NUMBER_OBJECT_CONVERSION = YES_AGGRESSIVE;
				CLANG_CXX_LANGUAGE_STANDARD = "gnu++14";
				CLANG_CXX_LIBRARY = "libc++";
				CLANG_ENABLE_MODULES = YES;
				CLANG_ENABLE_OBJC_ARC = YES;
				CLANG_ENABLE_OBJC_WEAK = YES;
				CLANG_WARN_BLOCK_CAPTURE_AUTORELEASING = YES;
				CLANG_WARN_BOOL_CONVERSION = YES;
				CLANG_WARN_COMMA = YES;
				CLANG_WARN_CONSTANT_CONVERSION = YES;
				CLANG_WARN_DEPRECATED_OBJC_IMPLEMENTATIONS = YES;
				CLANG_WARN_DIRECT_OBJC_ISA_USAGE = YES_ERROR;
				CLANG_WARN_DOCUMENTATION_COMMENTS = YES;
				CLANG_WARN_EMPTY_BODY = YES;
				CLANG_WARN_ENUM_CONVERSION = YES;
				CLANG_WARN_INFINITE_RECURSION = YES;
				CLANG_WARN_INT_CONVERSION = YES;
				CLANG_WARN_NON_LITERAL_NULL_CONVERSION = YES;
				CLANG_WARN_OBJC_IMPLICIT_RETAIN_SELF = YES;
				CLANG_WARN_OBJC_LITERAL_CONVERSION = YES;
				CLANG_WARN_OBJC_ROOT_CLASS = YES_ERROR;
				CLANG_WARN_RANGE_LOOP_ANALYSIS = YES;
				CLANG_WARN_STRICT_PROTOTYPES = YES;
				CLANG_WARN_SUSPICIOUS_MOVE = YES;
				CLANG_WARN_UNGUARDED_AVAILABILITY = YES_AGGRESSIVE;
				CLANG_WARN_UNREACHABLE_CODE = YES;
				CLANG_WARN__DUPLICATE_METHOD_MATCH = YES;
				COPY_PHASE_STRIP = NO;
				DEBUG_INFORMATION_FORMAT = dwarf;
				ENABLE_STRICT_OBJC_MSGSEND = YES;
				ENABLE_TESTABILITY = YES;
				GCC_C_LANGUAGE_STANDARD = gnu11;
				GCC_DYNAMIC_NO_PIC = NO;
				GCC_NO_COMMON_BLOCKS = YES;
				GCC_OPTIMIZATION_LEVEL = 0;
				GCC_PREPROCESSOR_DEFINITIONS = (
					"DEBUG=1",
					"$(inherited)",
				);
				GCC_WARN_64_TO_32_BIT_CONVERSION = YES;
				GCC_WARN_ABOUT_RETURN_TYPE = YES_ERROR;
				GCC_WARN_UNDECLARED_SELECTOR = YES;
				GCC_WARN_UNINITIALIZED_AUTOS = YES_AGGRESSIVE;
				GCC_WARN_UNUSED_FUNCTION = YES;
				GCC_WARN_UNUSED_VARIABLE = YES;
				IPHONEOS_DEPLOYMENT_TARGET = 13.6;
				MTL_ENABLE_DEBUG_INFO = INCLUDE_SOURCE;
				MTL_FAST_MATH = YES;
				ONLY_ACTIVE_ARCH = YES;
				SDKROOT = iphoneos;
				SWIFT_ACTIVE_COMPILATION_CONDITIONS = DEBUG;
				SWIFT_OPTIMIZATION_LEVEL = "-Onone";
			};
			name = Debug;
		};
		37EC3F4424F41E1200C37BB1 /* Release */ = {
			isa = XCBuildConfiguration;
			buildSettings = {
				ALWAYS_SEARCH_USER_PATHS = NO;
				CLANG_ANALYZER_NONNULL = YES;
				CLANG_ANALYZER_NUMBER_OBJECT_CONVERSION = YES_AGGRESSIVE;
				CLANG_CXX_LANGUAGE_STANDARD = "gnu++14";
				CLANG_CXX_LIBRARY = "libc++";
				CLANG_ENABLE_MODULES = YES;
				CLANG_ENABLE_OBJC_ARC = YES;
				CLANG_ENABLE_OBJC_WEAK = YES;
				CLANG_WARN_BLOCK_CAPTURE_AUTORELEASING = YES;
				CLANG_WARN_BOOL_CONVERSION = YES;
				CLANG_WARN_COMMA = YES;
				CLANG_WARN_CONSTANT_CONVERSION = YES;
				CLANG_WARN_DEPRECATED_OBJC_IMPLEMENTATIONS = YES;
				CLANG_WARN_DIRECT_OBJC_ISA_USAGE = YES_ERROR;
				CLANG_WARN_DOCUMENTATION_COMMENTS = YES;
				CLANG_WARN_EMPTY_BODY = YES;
				CLANG_WARN_ENUM_CONVERSION = YES;
				CLANG_WARN_INFINITE_RECURSION = YES;
				CLANG_WARN_INT_CONVERSION = YES;
				CLANG_WARN_NON_LITERAL_NULL_CONVERSION = YES;
				CLANG_WARN_OBJC_IMPLICIT_RETAIN_SELF = YES;
				CLANG_WARN_OBJC_LITERAL_CONVERSION = YES;
				CLANG_WARN_OBJC_ROOT_CLASS = YES_ERROR;
				CLANG_WARN_RANGE_LOOP_ANALYSIS = YES;
				CLANG_WARN_STRICT_PROTOTYPES = YES;
				CLANG_WARN_SUSPICIOUS_MOVE = YES;
				CLANG_WARN_UNGUARDED_AVAILABILITY = YES_AGGRESSIVE;
				CLANG_WARN_UNREACHABLE_CODE = YES;
				CLANG_WARN__DUPLICATE_METHOD_MATCH = YES;
				COPY_PHASE_STRIP = NO;
				DEBUG_INFORMATION_FORMAT = "dwarf-with-dsym";
				ENABLE_NS_ASSERTIONS = NO;
				ENABLE_STRICT_OBJC_MSGSEND = YES;
				GCC_C_LANGUAGE_STANDARD = gnu11;
				GCC_NO_COMMON_BLOCKS = YES;
				GCC_WARN_64_TO_32_BIT_CONVERSION = YES;
				GCC_WARN_ABOUT_RETURN_TYPE = YES_ERROR;
				GCC_WARN_UNDECLARED_SELECTOR = YES;
				GCC_WARN_UNINITIALIZED_AUTOS = YES_AGGRESSIVE;
				GCC_WARN_UNUSED_FUNCTION = YES;
				GCC_WARN_UNUSED_VARIABLE = YES;
				IPHONEOS_DEPLOYMENT_TARGET = 13.6;
				MTL_ENABLE_DEBUG_INFO = NO;
				MTL_FAST_MATH = YES;
				SDKROOT = iphoneos;
				SWIFT_COMPILATION_MODE = wholemodule;
				SWIFT_OPTIMIZATION_LEVEL = "-O";
				VALIDATE_PRODUCT = YES;
			};
			name = Release;
		};
		37EC3F4624F41E1200C37BB1 /* Debug */ = {
			isa = XCBuildConfiguration;
			buildSettings = {
				ASSETCATALOG_COMPILER_APPICON_NAME = AppIcon;
				CODE_SIGN_STYLE = Automatic;
				DEVELOPMENT_TEAM = HRSGN27MYJ;
				INFOPLIST_FILE = IbottaiOSMobileDevTest/Info.plist;
				LD_RUNPATH_SEARCH_PATHS = (
					"$(inherited)",
					"@executable_path/Frameworks",
				);
				PRODUCT_BUNDLE_IDENTIFIER = com.pedrotrujillov.IbottaiOSMobileDevTest;
				PRODUCT_NAME = "$(TARGET_NAME)";
				SWIFT_VERSION = 5.0;
				TARGETED_DEVICE_FAMILY = "1,2";
			};
			name = Debug;
		};
		37EC3F4724F41E1200C37BB1 /* Release */ = {
			isa = XCBuildConfiguration;
			buildSettings = {
				ASSETCATALOG_COMPILER_APPICON_NAME = AppIcon;
				CODE_SIGN_STYLE = Automatic;
				DEVELOPMENT_TEAM = HRSGN27MYJ;
				INFOPLIST_FILE = IbottaiOSMobileDevTest/Info.plist;
				LD_RUNPATH_SEARCH_PATHS = (
					"$(inherited)",
					"@executable_path/Frameworks",
				);
				PRODUCT_BUNDLE_IDENTIFIER = com.pedrotrujillov.IbottaiOSMobileDevTest;
				PRODUCT_NAME = "$(TARGET_NAME)";
				SWIFT_VERSION = 5.0;
				TARGETED_DEVICE_FAMILY = "1,2";
			};
			name = Release;
		};
		37EC3F4924F41E1200C37BB1 /* Debug */ = {
			isa = XCBuildConfiguration;
			buildSettings = {
				ALWAYS_EMBED_SWIFT_STANDARD_LIBRARIES = YES;
				BUNDLE_LOADER = "$(TEST_HOST)";
				CODE_SIGN_STYLE = Automatic;
				DEVELOPMENT_TEAM = HRSGN27MYJ;
				INFOPLIST_FILE = IbottaiOSMobileDevTestTests/Info.plist;
				IPHONEOS_DEPLOYMENT_TARGET = 13.6;
				LD_RUNPATH_SEARCH_PATHS = (
					"$(inherited)",
					"@executable_path/Frameworks",
					"@loader_path/Frameworks",
				);
				PRODUCT_BUNDLE_IDENTIFIER = com.pedrotrujillov.IbottaiOSMobileDevTestTests;
				PRODUCT_NAME = "$(TARGET_NAME)";
				SWIFT_VERSION = 5.0;
				TARGETED_DEVICE_FAMILY = "1,2";
				TEST_HOST = "$(BUILT_PRODUCTS_DIR)/IbottaiOSMobileDevTest.app/IbottaiOSMobileDevTest";
			};
			name = Debug;
		};
		37EC3F4A24F41E1200C37BB1 /* Release */ = {
			isa = XCBuildConfiguration;
			buildSettings = {
				ALWAYS_EMBED_SWIFT_STANDARD_LIBRARIES = YES;
				BUNDLE_LOADER = "$(TEST_HOST)";
				CODE_SIGN_STYLE = Automatic;
				DEVELOPMENT_TEAM = HRSGN27MYJ;
				INFOPLIST_FILE = IbottaiOSMobileDevTestTests/Info.plist;
				IPHONEOS_DEPLOYMENT_TARGET = 13.6;
				LD_RUNPATH_SEARCH_PATHS = (
					"$(inherited)",
					"@executable_path/Frameworks",
					"@loader_path/Frameworks",
				);
				PRODUCT_BUNDLE_IDENTIFIER = com.pedrotrujillov.IbottaiOSMobileDevTestTests;
				PRODUCT_NAME = "$(TARGET_NAME)";
				SWIFT_VERSION = 5.0;
				TARGETED_DEVICE_FAMILY = "1,2";
				TEST_HOST = "$(BUILT_PRODUCTS_DIR)/IbottaiOSMobileDevTest.app/IbottaiOSMobileDevTest";
			};
			name = Release;
		};
/* End XCBuildConfiguration section */

/* Begin XCConfigurationList section */
		37EC3F2124F41E0B00C37BB1 /* Build configuration list for PBXProject "IbottaiOSMobileDevTest" */ = {
			isa = XCConfigurationList;
			buildConfigurations = (
				37EC3F4324F41E1200C37BB1 /* Debug */,
				37EC3F4424F41E1200C37BB1 /* Release */,
			);
			defaultConfigurationIsVisible = 0;
			defaultConfigurationName = Release;
		};
		37EC3F4524F41E1200C37BB1 /* Build configuration list for PBXNativeTarget "IbottaiOSMobileDevTest" */ = {
			isa = XCConfigurationList;
			buildConfigurations = (
				37EC3F4624F41E1200C37BB1 /* Debug */,
				37EC3F4724F41E1200C37BB1 /* Release */,
			);
			defaultConfigurationIsVisible = 0;
			defaultConfigurationName = Release;
		};
		37EC3F4824F41E1200C37BB1 /* Build configuration list for PBXNativeTarget "IbottaiOSMobileDevTestTests" */ = {
			isa = XCConfigurationList;
			buildConfigurations = (
				37EC3F4924F41E1200C37BB1 /* Debug */,
				37EC3F4A24F41E1200C37BB1 /* Release */,
			);
			defaultConfigurationIsVisible = 0;
			defaultConfigurationName = Release;
		};
/* End XCConfigurationList section */
	};
	rootObject = 37EC3F1E24F41E0B00C37BB1 /* Project object */;
}
